{
  "name": "@eoln/test-npm-ts-bootstrap",
  "version": "1.0.0",
  "lockfileVersion": 1,
  "requires": true,
  "dependencies": {
    "@eoln/npm-ts-bootstrap": {
      "version": "0.0.2",
      "resolved": "https://registry.npmjs.org/@eoln/npm-ts-bootstrap/-/npm-ts-bootstrap-0.0.2.tgz",
      "integrity": "sha512-LTHG+cOgWi0HjU06C0bAZcRSmuy8Hpe/kYK+n59+Sw74x+ZC2RjMV9YObz+cQhFru8dLnd2Ody7hn3YZewrP1g==",
      "requires": {
        "@types/node": "^10.12.5"
      }
    },
    "@types/node": {
      "version": "10.12.5",
      "resolved": "https://registry.npmjs.org/@types/node/-/node-10.12.5.tgz",
      "integrity": "sha512-GzdHjq3t3eGLMv92Al90Iq+EoLL+86mPfQhuglbBFO7HiLdC/rkt+zrzJJumAiBF6nsrBWhou22rPW663AAyFw=="
    }
  }
}
